
Microsoft Visual Studio Solution File, Format Version 12.00
# Visual Studio Version 17
VisualStudioVersion = 17.4.33205.214
MinimumVisualStudioVersion = 10.0.40219.1
Project("{8BC9CEB8-8B4A-11D0-8D11-00A0C91BC942}") = "001_第一个C语言程序", "001_第一个C语言程序\001_第一个C语言程序.vcxproj", "{5DA0F2AF-142A-436A-973F-C56BD5C328CC}"
EndProject
Project("{8BC9CEB8-8B4A-11D0-8D11-00A0C91BC942}") = "002_进制转换", "002_进制转换\002_进制转换.vcxproj", "{DF22D9BF-1A88-4080-A0C4-59C7980551EA}"
EndProject
Project("{8BC9CEB8-8B4A-11D0-8D11-00A0C91BC942}") = "003_基本数据类型", "003_基本数据类型\003_基本数据类型.vcxproj", "{AE52211E-CFA3-4E0E-A4CB-C4E66412B9A3}"
EndProject
Project("{8BC9CEB8-8B4A-11D0-8D11-00A0C91BC942}") = "004_变量和常量、变量和常量的作用域", "004_变量和常量、变量和常量的作用域\004_变量和常量、变量和常量的作用域.vcxproj", "{7DF4401D-49BF-4487-8158-2A912B61A0A2}"
EndProject
Project("{8BC9CEB8-8B4A-11D0-8D11-00A0C91BC942}") = "005_枚举常量的定义和使用", "005_枚举常量的定义和使用\005_枚举常量的定义和使用.vcxproj", "{E0ADE4C7-75F4-45B8-A8AF-5296C830A9D8}"
EndProject
Project("{8BC9CEB8-8B4A-11D0-8D11-00A0C91BC942}") = "006_标准输入和标准输出", "006_标准输入和标准输出\006_标准输入和标准输出.vcxproj", "{31B3B89F-98BA-459B-9562-0347867F4F97}"
EndProject
Project("{8BC9CEB8-8B4A-11D0-8D11-00A0C91BC942}") = "007_字符串和字符数组", "007_字符串和字符数组\007_字符串和字符数组.vcxproj", "{6B6785BF-6D45-4CF4-B839-C45D9E84FA08}"
EndProject
Project("{8BC9CEB8-8B4A-11D0-8D11-00A0C91BC942}") = "008_流程控制-循环", "008_流程控制-循环\008_流程控制-循环.vcxproj", "{C2E2627D-219B-47C7-9B3E-0A2A9753343A}"
EndProject
Project("{8BC9CEB8-8B4A-11D0-8D11-00A0C91BC942}") = "009_流程控制-分支", "009_流程控制-分支\009_流程控制-分支.vcxproj", "{1EDED57F-FCD9-4F19-92AB-882D2B5E5F3C}"
EndProject
Project("{8BC9CEB8-8B4A-11D0-8D11-00A0C91BC942}") = "010_流程控制-有限状态机", "010_流程控制-有限状态机\010_流程控制-有限状态机.vcxproj", "{EA158EFC-BD05-4DB6-A738-B1F5D24FDCA7}"
EndProject
Global
	GlobalSection(SolutionConfigurationPlatforms) = preSolution
		Debug|x64 = Debug|x64
		Debug|x86 = Debug|x86
		Release|x64 = Release|x64
		Release|x86 = Release|x86
	EndGlobalSection
	GlobalSection(ProjectConfigurationPlatforms) = postSolution
		{5DA0F2AF-142A-436A-973F-C56BD5C328CC}.Debug|x64.ActiveCfg = Debug|x64
		{5DA0F2AF-142A-436A-973F-C56BD5C328CC}.Debug|x64.Build.0 = Debug|x64
		{5DA0F2AF-142A-436A-973F-C56BD5C328CC}.Debug|x86.ActiveCfg = Debug|Win32
		{5DA0F2AF-142A-436A-973F-C56BD5C328CC}.Debug|x86.Build.0 = Debug|Win32
		{5DA0F2AF-142A-436A-973F-C56BD5C328CC}.Release|x64.ActiveCfg = Release|x64
		{5DA0F2AF-142A-436A-973F-C56BD5C328CC}.Release|x64.Build.0 = Release|x64
		{5DA0F2AF-142A-436A-973F-C56BD5C328CC}.Release|x86.ActiveCfg = Release|Win32
		{5DA0F2AF-142A-436A-973F-C56BD5C328CC}.Release|x86.Build.0 = Release|Win32
		{DF22D9BF-1A88-4080-A0C4-59C7980551EA}.Debug|x64.ActiveCfg = Debug|x64
		{DF22D9BF-1A88-4080-A0C4-59C7980551EA}.Debug|x64.Build.0 = Debug|x64
		{DF22D9BF-1A88-4080-A0C4-59C7980551EA}.Debug|x86.ActiveCfg = Debug|Win32
		{DF22D9BF-1A88-4080-A0C4-59C7980551EA}.Debug|x86.Build.0 = Debug|Win32
		{DF22D9BF-1A88-4080-A0C4-59C7980551EA}.Release|x64.ActiveCfg = Release|x64
		{DF22D9BF-1A88-4080-A0C4-59C7980551EA}.Release|x64.Build.0 = Release|x64
		{DF22D9BF-1A88-4080-A0C4-59C7980551EA}.Release|x86.ActiveCfg = Release|Win32
		{DF22D9BF-1A88-4080-A0C4-59C7980551EA}.Release|x86.Build.0 = Release|Win32
		{AE52211E-CFA3-4E0E-A4CB-C4E66412B9A3}.Debug|x64.ActiveCfg = Debug|x64
		{AE52211E-CFA3-4E0E-A4CB-C4E66412B9A3}.Debug|x64.Build.0 = Debug|x64
		{AE52211E-CFA3-4E0E-A4CB-C4E66412B9A3}.Debug|x86.ActiveCfg = Debug|Win32
		{AE52211E-CFA3-4E0E-A4CB-C4E66412B9A3}.Debug|x86.Build.0 = Debug|Win32
		{AE52211E-CFA3-4E0E-A4CB-C4E66412B9A3}.Release|x64.ActiveCfg = Release|x64
		{AE52211E-CFA3-4E0E-A4CB-C4E66412B9A3}.Release|x64.Build.0 = Release|x64
		{AE52211E-CFA3-4E0E-A4CB-C4E66412B9A3}.Release|x86.ActiveCfg = Release|Win32
		{AE52211E-CFA3-4E0E-A4CB-C4E66412B9A3}.Release|x86.Build.0 = Release|Win32
		{7DF4401D-49BF-4487-8158-2A912B61A0A2}.Debug|x64.ActiveCfg = Debug|x64
		{7DF4401D-49BF-4487-8158-2A912B61A0A2}.Debug|x64.Build.0 = Debug|x64
		{7DF4401D-49BF-4487-8158-2A912B61A0A2}.Debug|x86.ActiveCfg = Debug|Win32
		{7DF4401D-49BF-4487-8158-2A912B61A0A2}.Debug|x86.Build.0 = Debug|Win32
		{7DF4401D-49BF-4487-8158-2A912B61A0A2}.Release|x64.ActiveCfg = Release|x64
		{7DF4401D-49BF-4487-8158-2A912B61A0A2}.Release|x64.Build.0 = Release|x64
		{7DF4401D-49BF-4487-8158-2A912B61A0A2}.Release|x86.ActiveCfg = Release|Win32
		{7DF4401D-49BF-4487-8158-2A912B61A0A2}.Release|x86.Build.0 = Release|Win32
		{E0ADE4C7-75F4-45B8-A8AF-5296C830A9D8}.Debug|x64.ActiveCfg = Debug|x64
		{E0ADE4C7-75F4-45B8-A8AF-5296C830A9D8}.Debug|x64.Build.0 = Debug|x64
		{E0ADE4C7-75F4-45B8-A8AF-5296C830A9D8}.Debug|x86.ActiveCfg = Debug|Win32
		{E0ADE4C7-75F4-45B8-A8AF-5296C830A9D8}.Debug|x86.Build.0 = Debug|Win32
		{E0ADE4C7-75F4-45B8-A8AF-5296C830A9D8}.Release|x64.ActiveCfg = Release|x64
		{E0ADE4C7-75F4-45B8-A8AF-5296C830A9D8}.Release|x64.Build.0 = Release|x64
		{E0ADE4C7-75F4-45B8-A8AF-5296C830A9D8}.Release|x86.ActiveCfg = Release|Win32
		{E0ADE4C7-75F4-45B8-A8AF-5296C830A9D8}.Release|x86.Build.0 = Release|Win32
		{31B3B89F-98BA-459B-9562-0347867F4F97}.Debug|x64.ActiveCfg = Debug|x64
		{31B3B89F-98BA-459B-9562-0347867F4F97}.Debug|x64.Build.0 = Debug|x64
		{31B3B89F-98BA-459B-9562-0347867F4F97}.Debug|x86.ActiveCfg = Debug|Win32
		{31B3B89F-98BA-459B-9562-0347867F4F97}.Debug|x86.Build.0 = Debug|Win32
		{31B3B89F-98BA-459B-9562-0347867F4F97}.Release|x64.ActiveCfg = Release|x64
		{31B3B89F-98BA-459B-9562-0347867F4F97}.Release|x64.Build.0 = Release|x64
		{31B3B89F-98BA-459B-9562-0347867F4F97}.Release|x86.ActiveCfg = Release|Win32
		{31B3B89F-98BA-459B-9562-0347867F4F97}.Release|x86.Build.0 = Release|Win32
		{6B6785BF-6D45-4CF4-B839-C45D9E84FA08}.Debug|x64.ActiveCfg = Debug|x64
		{6B6785BF-6D45-4CF4-B839-C45D9E84FA08}.Debug|x64.Build.0 = Debug|x64
		{6B6785BF-6D45-4CF4-B839-C45D9E84FA08}.Debug|x86.ActiveCfg = Debug|Win32
		{6B6785BF-6D45-4CF4-B839-C45D9E84FA08}.Debug|x86.Build.0 = Debug|Win32
		{6B6785BF-6D45-4CF4-B839-C45D9E84FA08}.Release|x64.ActiveCfg = Release|x64
		{6B6785BF-6D45-4CF4-B839-C45D9E84FA08}.Release|x64.Build.0 = Release|x64
		{6B6785BF-6D45-4CF4-B839-C45D9E84FA08}.Release|x86.ActiveCfg = Release|Win32
		{6B6785BF-6D45-4CF4-B839-C45D9E84FA08}.Release|x86.Build.0 = Release|Win32
		{C2E2627D-219B-47C7-9B3E-0A2A9753343A}.Debug|x64.ActiveCfg = Debug|x64
		{C2E2627D-219B-47C7-9B3E-0A2A9753343A}.Debug|x64.Build.0 = Debug|x64
		{C2E2627D-219B-47C7-9B3E-0A2A9753343A}.Debug|x86.ActiveCfg = Debug|Win32
		{C2E2627D-219B-47C7-9B3E-0A2A9753343A}.Debug|x86.Build.0 = Debug|Win32
		{C2E2627D-219B-47C7-9B3E-0A2A9753343A}.Release|x64.ActiveCfg = Release|x64
		{C2E2627D-219B-47C7-9B3E-0A2A9753343A}.Release|x64.Build.0 = Release|x64
		{C2E2627D-219B-47C7-9B3E-0A2A9753343A}.Release|x86.ActiveCfg = Release|Win32
		{C2E2627D-219B-47C7-9B3E-0A2A9753343A}.Release|x86.Build.0 = Release|Win32
		{1EDED57F-FCD9-4F19-92AB-882D2B5E5F3C}.Debug|x64.ActiveCfg = Debug|x64
		{1EDED57F-FCD9-4F19-92AB-882D2B5E5F3C}.Debug|x64.Build.0 = Debug|x64
		{1EDED57F-FCD9-4F19-92AB-882D2B5E5F3C}.Debug|x86.ActiveCfg = Debug|Win32
		{1EDED57F-FCD9-4F19-92AB-882D2B5E5F3C}.Debug|x86.Build.0 = Debug|Win32
		{1EDED57F-FCD9-4F19-92AB-882D2B5E5F3C}.Release|x64.ActiveCfg = Release|x64
		{1EDED57F-FCD9-4F19-92AB-882D2B5E5F3C}.Release|x64.Build.0 = Release|x64
		{1EDED57F-FCD9-4F19-92AB-882D2B5E5F3C}.Release|x86.ActiveCfg = Release|Win32
		{1EDED57F-FCD9-4F19-92AB-882D2B5E5F3C}.Release|x86.Build.0 = Release|Win32
		{EA158EFC-BD05-4DB6-A738-B1F5D24FDCA7}.Debug|x64.ActiveCfg = Debug|x64
		{EA158EFC-BD05-4DB6-A738-B1F5D24FDCA7}.Debug|x64.Build.0 = Debug|x64
		{EA158EFC-BD05-4DB6-A738-B1F5D24FDCA7}.Debug|x86.ActiveCfg = Debug|Win32
		{EA158EFC-BD05-4DB6-A738-B1F5D24FDCA7}.Debug|x86.Build.0 = Debug|Win32
		{EA158EFC-BD05-4DB6-A738-B1F5D24FDCA7}.Release|x64.ActiveCfg = Release|x64
		{EA158EFC-BD05-4DB6-A738-B1F5D24FDCA7}.Release|x64.Build.0 = Release|x64
		{EA158EFC-BD05-4DB6-A738-B1F5D24FDCA7}.Release|x86.ActiveCfg = Release|Win32
		{EA158EFC-BD05-4DB6-A738-B1F5D24FDCA7}.Release|x86.Build.0 = Release|Win32
	EndGlobalSection
	GlobalSection(SolutionProperties) = preSolution
		HideSolutionNode = FALSE
	EndGlobalSection
	GlobalSection(ExtensibilityGlobals) = postSolution
		SolutionGuid = {B738E027-1D6E-405F-8018-E5088CDF4A9A}
	EndGlobalSection
EndGlobal
