
Microsoft Visual Studio Solution File, Format Version 12.00
# Visual Studio Version 17
VisualStudioVersion = 17.4.33205.214
MinimumVisualStudioVersion = 10.0.40219.1
Project("{8BC9CEB8-8B4A-11D0-8D11-00A0C91BC942}") = "001_第一个C语言程序", "001_第一个C语言程序\001_第一个C语言程序.vcxproj", "{5DA0F2AF-142A-436A-973F-C56BD5C328CC}"
EndProject
Project("{8BC9CEB8-8B4A-11D0-8D11-00A0C91BC942}") = "002_进制转换", "002_进制转换\002_进制转换.vcxproj", "{DF22D9BF-1A88-4080-A0C4-59C7980551EA}"
EndProject
Project("{8BC9CEB8-8B4A-11D0-8D11-00A0C91BC942}") = "003_基本数据类型", "003_基本数据类型\003_基本数据类型.vcxproj", "{AE52211E-CFA3-4E0E-A4CB-C4E66412B9A3}"
EndProject
Project("{8BC9CEB8-8B4A-11D0-8D11-00A0C91BC942}") = "004_变量和常量、变量和常量的作用域", "004_变量和常量、变量和常量的作用域\004_变量和常量、变量和常量的作用域.vcxproj", "{7DF4401D-49BF-4487-8158-2A912B61A0A2}"
EndProject
Project("{8BC9CEB8-8B4A-11D0-8D11-00A0C91BC942}") = "005_枚举常量的定义和使用", "005_枚举常量的定义和使用\005_枚举常量的定义和使用.vcxproj", "{E0ADE4C7-75F4-45B8-A8AF-5296C830A9D8}"
EndProject
Project("{8BC9CEB8-8B4A-11D0-8D11-00A0C91BC942}") = "006_标准输入和标准输出", "006_标准输入和标准输出\006_标准输入和标准输出.vcxproj", "{31B3B89F-98BA-459B-9562-0347867F4F97}"
EndProject
Project("{8BC9CEB8-8B4A-11D0-8D11-00A0C91BC942}") = "007_字符串和字符数组", "007_字符串和字符数组\007_字符串和字符数组.vcxproj", "{6B6785BF-6D45-4CF4-B839-C45D9E84FA08}"
EndProject
Project("{8BC9CEB8-8B4A-11D0-8D11-00A0C91BC942}") = "008_流程控制-循环", "008_流程控制-循环\008_流程控制-循环.vcxproj", "{C2E2627D-219B-47C7-9B3E-0A2A9753343A}"
EndProject
Project("{8BC9CEB8-8B4A-11D0-8D11-00A0C91BC942}") = "009_流程控制-分支", "009_流程控制-分支\009_流程控制-分支.vcxproj", "{1EDED57F-FCD9-4F19-92AB-882D2B5E5F3C}"
EndProject
Project("{8BC9CEB8-8B4A-11D0-8D11-00A0C91BC942}") = "010_流程控制-有限状态机", "010_流程控制-有限状态机\010_流程控制-有限状态机.vcxproj", "{EA158EFC-BD05-4DB6-A738-B1F5D24FDCA7}"
EndProject
Project("{8BC9CEB8-8B4A-11D0-8D11-00A0C91BC942}") = "011_流程控制-continue和break", "011_流程控制-continue和break\011_流程控制-continue和break.vcxproj", "{56762370-B9F2-4FD8-A03E-3EA63B6EFBD6}"
EndProject
Project("{8BC9CEB8-8B4A-11D0-8D11-00A0C91BC942}") = "012_流程控制-goto和return", "012_流程控制-goto和return\012_流程控制-goto和return.vcxproj", "{202188C4-FF53-4B08-B29B-634F60EA6D89}"
EndProject
Project("{8BC9CEB8-8B4A-11D0-8D11-00A0C91BC942}") = "013_++i和i++", "013_++i和i++\013_++i和i++.vcxproj", "{9FD9CFE4-6313-4CC5-8CE1-C35F2F66F3A0}"
EndProject
Project("{8BC9CEB8-8B4A-11D0-8D11-00A0C91BC942}") = "014_一维数组入门和进阶", "014_一维数组入门和进阶\014_一维数组入门和进阶.vcxproj", "{5191BFB4-0709-48E2-BD3F-6FAAEC6AC689}"
EndProject
Project("{8BC9CEB8-8B4A-11D0-8D11-00A0C91BC942}") = "015_指针入门", "015_指针入门\015_指针入门.vcxproj", "{5E99DC5C-92F9-4835-9B16-5BA7CC3A84DC}"
EndProject
Project("{8BC9CEB8-8B4A-11D0-8D11-00A0C91BC942}") = "016_结构体入门", "016_结构体入门\016_结构体入门.vcxproj", "{4C2F9920-3571-4B23-9F9A-80115C9042CB}"
EndProject
Project("{8BC9CEB8-8B4A-11D0-8D11-00A0C91BC942}") = "017_关键字-sizeof", "017_关键字-sizeof\017_关键字-sizeof.vcxproj", "{85EDD147-DDC8-47A0-8767-BB34C913850F}"
EndProject
Project("{8BC9CEB8-8B4A-11D0-8D11-00A0C91BC942}") = "018_关键字-typedef", "018_关键字-typedef\018_关键字-typedef.vcxproj", "{B4B341D5-4E8C-4695-B35F-3413805E1CC8}"
EndProject
Project("{8BC9CEB8-8B4A-11D0-8D11-00A0C91BC942}") = "019_关键字-extern", "019_关键字-extern\019_关键字-extern.vcxproj", "{4F6D3909-7370-4A46-B60D-E65911D53975}"
EndProject
Project("{8BC9CEB8-8B4A-11D0-8D11-00A0C91BC942}") = "020_关键字-const", "020_关键字-const\020_关键字-const.vcxproj", "{B895230F-41E8-4E57-B701-DEC8F8E89359}"
EndProject
Project("{8BC9CEB8-8B4A-11D0-8D11-00A0C91BC942}") = "021_关键字-static", "021_关键字-static\021_关键字-static.vcxproj", "{40918B66-71E6-4B8F-88A8-70716E97257C}"
EndProject
Project("{8BC9CEB8-8B4A-11D0-8D11-00A0C91BC942}") = "022_关键字-define", "022_关键字-define\022_关键字-define.vcxproj", "{FC460836-3679-43A5-88EE-6DED061EAAAB}"
EndProject
Project("{8BC9CEB8-8B4A-11D0-8D11-00A0C91BC942}") = "023_关键字-register", "023_关键字-register\023_关键字-register.vcxproj", "{0C94888B-4A07-49D8-955C-5EBE870985B9}"
EndProject
Project("{8BC9CEB8-8B4A-11D0-8D11-00A0C91BC942}") = "024_bool和自定义bool", "024_bool和自定义bool\024_bool和自定义bool.vcxproj", "{4673D0FE-7E65-4BF4-B640-9E5C58D2C4AA}"
EndProject
Project("{8BC9CEB8-8B4A-11D0-8D11-00A0C91BC942}") = "025_关系运算符和逗号表达式", "025_关系运算符和逗号表达式\025_关系运算符和逗号表达式.vcxproj", "{239F30B7-4752-4DD9-A5CE-6D1052320D50}"
EndProject
Project("{8BC9CEB8-8B4A-11D0-8D11-00A0C91BC942}") = "026_类型判断函数ctype.h", "026_类型判断函数ctype.h\026_类型判断函数ctype.h.vcxproj", "{FD32640C-9733-4A6D-A5C3-F1F52A7605C2}"
EndProject
Project("{8BC9CEB8-8B4A-11D0-8D11-00A0C91BC942}") = "027_随机数和time.h", "027_随机数和time.h\027_随机数和time.h.vcxproj", "{9A7015C9-5B0F-4658-981A-98556B511174}"
EndProject
Project("{8BC9CEB8-8B4A-11D0-8D11-00A0C91BC942}") = "028_C语言打印阳历日历", "028_C语言打印阳历日历\028_C语言打印阳历日历.vcxproj", "{60025D38-71A7-4E0C-8491-5E55A792C5A4}"
EndProject
Project("{8BC9CEB8-8B4A-11D0-8D11-00A0C91BC942}") = "029_值传递和地址传递", "029_值传递和地址传递\029_值传递和地址传递.vcxproj", "{608A8E65-4853-43B1-A5EE-9A547DE685B1}"
EndProject
Project("{8BC9CEB8-8B4A-11D0-8D11-00A0C91BC942}") = "030_指针与数组", "030_指针与数组\030_指针与数组.vcxproj", "{4DFCE9F9-3823-4AA6-934E-63219C640720}"
EndProject
Project("{8BC9CEB8-8B4A-11D0-8D11-00A0C91BC942}") = "031_指针进阶", "031_指针进阶\031_指针进阶.vcxproj", "{CD5F99F0-7BFB-4888-BC5D-8197D1E42977}"
EndProject
Project("{8BC9CEB8-8B4A-11D0-8D11-00A0C91BC942}") = "032_C语言练习题", "032_C语言练习题\032_C语言练习题.vcxproj", "{19A039C7-07B4-44ED-8002-4204F58F18C5}"
EndProject
Project("{8BC9CEB8-8B4A-11D0-8D11-00A0C91BC942}") = "033_多文件结构", "033_多文件结构\033_多文件结构.vcxproj", "{12B8AD16-1610-40AE-94C8-5F364F2FAE5C}"
EndProject
Project("{8BC9CEB8-8B4A-11D0-8D11-00A0C91BC942}") = "034_C语言计算器多文件结构版", "034_C语言计算器多文件结构版\034_C语言计算器多文件结构版.vcxproj", "{E2997B86-9145-4327-9099-FC22A07A71D7}"
EndProject
Project("{8BC9CEB8-8B4A-11D0-8D11-00A0C91BC942}") = "035_C语言常用类库", "035_C语言常用类库\035_C语言常用类库.vcxproj", "{01094051-6F17-411E-A918-7DB6F927FE1C}"
EndProject
Project("{8BC9CEB8-8B4A-11D0-8D11-00A0C91BC942}") = "036_C语言断言和模块化设计", "036_C语言断言和模块化设计\036_C语言断言和模块化设计.vcxproj", "{427F6AAF-1149-43EA-9E87-635BC8F0D5F7}"
EndProject
Project("{8BC9CEB8-8B4A-11D0-8D11-00A0C91BC942}") = "003_ASCII", "003_ASCII\003_ASCII.vcxproj", "{5CC4A4D3-26F7-4F25-9642-7C1D557FBA19}"
EndProject
Global
	GlobalSection(SolutionConfigurationPlatforms) = preSolution
		Debug|x64 = Debug|x64
		Debug|x86 = Debug|x86
		Release|x64 = Release|x64
		Release|x86 = Release|x86
	EndGlobalSection
	GlobalSection(ProjectConfigurationPlatforms) = postSolution
		{5DA0F2AF-142A-436A-973F-C56BD5C328CC}.Debug|x64.ActiveCfg = Debug|x64
		{5DA0F2AF-142A-436A-973F-C56BD5C328CC}.Debug|x64.Build.0 = Debug|x64
		{5DA0F2AF-142A-436A-973F-C56BD5C328CC}.Debug|x86.ActiveCfg = Debug|Win32
		{5DA0F2AF-142A-436A-973F-C56BD5C328CC}.Debug|x86.Build.0 = Debug|Win32
		{5DA0F2AF-142A-436A-973F-C56BD5C328CC}.Release|x64.ActiveCfg = Release|x64
		{5DA0F2AF-142A-436A-973F-C56BD5C328CC}.Release|x64.Build.0 = Release|x64
		{5DA0F2AF-142A-436A-973F-C56BD5C328CC}.Release|x86.ActiveCfg = Release|Win32
		{5DA0F2AF-142A-436A-973F-C56BD5C328CC}.Release|x86.Build.0 = Release|Win32
		{DF22D9BF-1A88-4080-A0C4-59C7980551EA}.Debug|x64.ActiveCfg = Debug|x64
		{DF22D9BF-1A88-4080-A0C4-59C7980551EA}.Debug|x64.Build.0 = Debug|x64
		{DF22D9BF-1A88-4080-A0C4-59C7980551EA}.Debug|x86.ActiveCfg = Debug|Win32
		{DF22D9BF-1A88-4080-A0C4-59C7980551EA}.Debug|x86.Build.0 = Debug|Win32
		{DF22D9BF-1A88-4080-A0C4-59C7980551EA}.Release|x64.ActiveCfg = Release|x64
		{DF22D9BF-1A88-4080-A0C4-59C7980551EA}.Release|x64.Build.0 = Release|x64
		{DF22D9BF-1A88-4080-A0C4-59C7980551EA}.Release|x86.ActiveCfg = Release|Win32
		{DF22D9BF-1A88-4080-A0C4-59C7980551EA}.Release|x86.Build.0 = Release|Win32
		{AE52211E-CFA3-4E0E-A4CB-C4E66412B9A3}.Debug|x64.ActiveCfg = Debug|x64
		{AE52211E-CFA3-4E0E-A4CB-C4E66412B9A3}.Debug|x64.Build.0 = Debug|x64
		{AE52211E-CFA3-4E0E-A4CB-C4E66412B9A3}.Debug|x86.ActiveCfg = Debug|Win32
		{AE52211E-CFA3-4E0E-A4CB-C4E66412B9A3}.Debug|x86.Build.0 = Debug|Win32
		{AE52211E-CFA3-4E0E-A4CB-C4E66412B9A3}.Release|x64.ActiveCfg = Release|x64
		{AE52211E-CFA3-4E0E-A4CB-C4E66412B9A3}.Release|x64.Build.0 = Release|x64
		{AE52211E-CFA3-4E0E-A4CB-C4E66412B9A3}.Release|x86.ActiveCfg = Release|Win32
		{AE52211E-CFA3-4E0E-A4CB-C4E66412B9A3}.Release|x86.Build.0 = Release|Win32
		{7DF4401D-49BF-4487-8158-2A912B61A0A2}.Debug|x64.ActiveCfg = Debug|x64
		{7DF4401D-49BF-4487-8158-2A912B61A0A2}.Debug|x64.Build.0 = Debug|x64
		{7DF4401D-49BF-4487-8158-2A912B61A0A2}.Debug|x86.ActiveCfg = Debug|Win32
		{7DF4401D-49BF-4487-8158-2A912B61A0A2}.Debug|x86.Build.0 = Debug|Win32
		{7DF4401D-49BF-4487-8158-2A912B61A0A2}.Release|x64.ActiveCfg = Release|x64
		{7DF4401D-49BF-4487-8158-2A912B61A0A2}.Release|x64.Build.0 = Release|x64
		{7DF4401D-49BF-4487-8158-2A912B61A0A2}.Release|x86.ActiveCfg = Release|Win32
		{7DF4401D-49BF-4487-8158-2A912B61A0A2}.Release|x86.Build.0 = Release|Win32
		{E0ADE4C7-75F4-45B8-A8AF-5296C830A9D8}.Debug|x64.ActiveCfg = Debug|x64
		{E0ADE4C7-75F4-45B8-A8AF-5296C830A9D8}.Debug|x64.Build.0 = Debug|x64
		{E0ADE4C7-75F4-45B8-A8AF-5296C830A9D8}.Debug|x86.ActiveCfg = Debug|Win32
		{E0ADE4C7-75F4-45B8-A8AF-5296C830A9D8}.Debug|x86.Build.0 = Debug|Win32
		{E0ADE4C7-75F4-45B8-A8AF-5296C830A9D8}.Release|x64.ActiveCfg = Release|x64
		{E0ADE4C7-75F4-45B8-A8AF-5296C830A9D8}.Release|x64.Build.0 = Release|x64
		{E0ADE4C7-75F4-45B8-A8AF-5296C830A9D8}.Release|x86.ActiveCfg = Release|Win32
		{E0ADE4C7-75F4-45B8-A8AF-5296C830A9D8}.Release|x86.Build.0 = Release|Win32
		{31B3B89F-98BA-459B-9562-0347867F4F97}.Debug|x64.ActiveCfg = Debug|x64
		{31B3B89F-98BA-459B-9562-0347867F4F97}.Debug|x64.Build.0 = Debug|x64
		{31B3B89F-98BA-459B-9562-0347867F4F97}.Debug|x86.ActiveCfg = Debug|Win32
		{31B3B89F-98BA-459B-9562-0347867F4F97}.Debug|x86.Build.0 = Debug|Win32
		{31B3B89F-98BA-459B-9562-0347867F4F97}.Release|x64.ActiveCfg = Release|x64
		{31B3B89F-98BA-459B-9562-0347867F4F97}.Release|x64.Build.0 = Release|x64
		{31B3B89F-98BA-459B-9562-0347867F4F97}.Release|x86.ActiveCfg = Release|Win32
		{31B3B89F-98BA-459B-9562-0347867F4F97}.Release|x86.Build.0 = Release|Win32
		{6B6785BF-6D45-4CF4-B839-C45D9E84FA08}.Debug|x64.ActiveCfg = Debug|x64
		{6B6785BF-6D45-4CF4-B839-C45D9E84FA08}.Debug|x64.Build.0 = Debug|x64
		{6B6785BF-6D45-4CF4-B839-C45D9E84FA08}.Debug|x86.ActiveCfg = Debug|Win32
		{6B6785BF-6D45-4CF4-B839-C45D9E84FA08}.Debug|x86.Build.0 = Debug|Win32
		{6B6785BF-6D45-4CF4-B839-C45D9E84FA08}.Release|x64.ActiveCfg = Release|x64
		{6B6785BF-6D45-4CF4-B839-C45D9E84FA08}.Release|x64.Build.0 = Release|x64
		{6B6785BF-6D45-4CF4-B839-C45D9E84FA08}.Release|x86.ActiveCfg = Release|Win32
		{6B6785BF-6D45-4CF4-B839-C45D9E84FA08}.Release|x86.Build.0 = Release|Win32
		{C2E2627D-219B-47C7-9B3E-0A2A9753343A}.Debug|x64.ActiveCfg = Debug|x64
		{C2E2627D-219B-47C7-9B3E-0A2A9753343A}.Debug|x64.Build.0 = Debug|x64
		{C2E2627D-219B-47C7-9B3E-0A2A9753343A}.Debug|x86.ActiveCfg = Debug|Win32
		{C2E2627D-219B-47C7-9B3E-0A2A9753343A}.Debug|x86.Build.0 = Debug|Win32
		{C2E2627D-219B-47C7-9B3E-0A2A9753343A}.Release|x64.ActiveCfg = Release|x64
		{C2E2627D-219B-47C7-9B3E-0A2A9753343A}.Release|x64.Build.0 = Release|x64
		{C2E2627D-219B-47C7-9B3E-0A2A9753343A}.Release|x86.ActiveCfg = Release|Win32
		{C2E2627D-219B-47C7-9B3E-0A2A9753343A}.Release|x86.Build.0 = Release|Win32
		{1EDED57F-FCD9-4F19-92AB-882D2B5E5F3C}.Debug|x64.ActiveCfg = Debug|x64
		{1EDED57F-FCD9-4F19-92AB-882D2B5E5F3C}.Debug|x64.Build.0 = Debug|x64
		{1EDED57F-FCD9-4F19-92AB-882D2B5E5F3C}.Debug|x86.ActiveCfg = Debug|Win32
		{1EDED57F-FCD9-4F19-92AB-882D2B5E5F3C}.Debug|x86.Build.0 = Debug|Win32
		{1EDED57F-FCD9-4F19-92AB-882D2B5E5F3C}.Release|x64.ActiveCfg = Release|x64
		{1EDED57F-FCD9-4F19-92AB-882D2B5E5F3C}.Release|x64.Build.0 = Release|x64
		{1EDED57F-FCD9-4F19-92AB-882D2B5E5F3C}.Release|x86.ActiveCfg = Release|Win32
		{1EDED57F-FCD9-4F19-92AB-882D2B5E5F3C}.Release|x86.Build.0 = Release|Win32
		{EA158EFC-BD05-4DB6-A738-B1F5D24FDCA7}.Debug|x64.ActiveCfg = Debug|x64
		{EA158EFC-BD05-4DB6-A738-B1F5D24FDCA7}.Debug|x64.Build.0 = Debug|x64
		{EA158EFC-BD05-4DB6-A738-B1F5D24FDCA7}.Debug|x86.ActiveCfg = Debug|Win32
		{EA158EFC-BD05-4DB6-A738-B1F5D24FDCA7}.Debug|x86.Build.0 = Debug|Win32
		{EA158EFC-BD05-4DB6-A738-B1F5D24FDCA7}.Release|x64.ActiveCfg = Release|x64
		{EA158EFC-BD05-4DB6-A738-B1F5D24FDCA7}.Release|x64.Build.0 = Release|x64
		{EA158EFC-BD05-4DB6-A738-B1F5D24FDCA7}.Release|x86.ActiveCfg = Release|Win32
		{EA158EFC-BD05-4DB6-A738-B1F5D24FDCA7}.Release|x86.Build.0 = Release|Win32
		{56762370-B9F2-4FD8-A03E-3EA63B6EFBD6}.Debug|x64.ActiveCfg = Debug|x64
		{56762370-B9F2-4FD8-A03E-3EA63B6EFBD6}.Debug|x64.Build.0 = Debug|x64
		{56762370-B9F2-4FD8-A03E-3EA63B6EFBD6}.Debug|x86.ActiveCfg = Debug|Win32
		{56762370-B9F2-4FD8-A03E-3EA63B6EFBD6}.Debug|x86.Build.0 = Debug|Win32
		{56762370-B9F2-4FD8-A03E-3EA63B6EFBD6}.Release|x64.ActiveCfg = Release|x64
		{56762370-B9F2-4FD8-A03E-3EA63B6EFBD6}.Release|x64.Build.0 = Release|x64
		{56762370-B9F2-4FD8-A03E-3EA63B6EFBD6}.Release|x86.ActiveCfg = Release|Win32
		{56762370-B9F2-4FD8-A03E-3EA63B6EFBD6}.Release|x86.Build.0 = Release|Win32
		{202188C4-FF53-4B08-B29B-634F60EA6D89}.Debug|x64.ActiveCfg = Debug|x64
		{202188C4-FF53-4B08-B29B-634F60EA6D89}.Debug|x64.Build.0 = Debug|x64
		{202188C4-FF53-4B08-B29B-634F60EA6D89}.Debug|x86.ActiveCfg = Debug|Win32
		{202188C4-FF53-4B08-B29B-634F60EA6D89}.Debug|x86.Build.0 = Debug|Win32
		{202188C4-FF53-4B08-B29B-634F60EA6D89}.Release|x64.ActiveCfg = Release|x64
		{202188C4-FF53-4B08-B29B-634F60EA6D89}.Release|x64.Build.0 = Release|x64
		{202188C4-FF53-4B08-B29B-634F60EA6D89}.Release|x86.ActiveCfg = Release|Win32
		{202188C4-FF53-4B08-B29B-634F60EA6D89}.Release|x86.Build.0 = Release|Win32
		{9FD9CFE4-6313-4CC5-8CE1-C35F2F66F3A0}.Debug|x64.ActiveCfg = Debug|x64
		{9FD9CFE4-6313-4CC5-8CE1-C35F2F66F3A0}.Debug|x64.Build.0 = Debug|x64
		{9FD9CFE4-6313-4CC5-8CE1-C35F2F66F3A0}.Debug|x86.ActiveCfg = Debug|Win32
		{9FD9CFE4-6313-4CC5-8CE1-C35F2F66F3A0}.Debug|x86.Build.0 = Debug|Win32
		{9FD9CFE4-6313-4CC5-8CE1-C35F2F66F3A0}.Release|x64.ActiveCfg = Release|x64
		{9FD9CFE4-6313-4CC5-8CE1-C35F2F66F3A0}.Release|x64.Build.0 = Release|x64
		{9FD9CFE4-6313-4CC5-8CE1-C35F2F66F3A0}.Release|x86.ActiveCfg = Release|Win32
		{9FD9CFE4-6313-4CC5-8CE1-C35F2F66F3A0}.Release|x86.Build.0 = Release|Win32
		{5191BFB4-0709-48E2-BD3F-6FAAEC6AC689}.Debug|x64.ActiveCfg = Debug|x64
		{5191BFB4-0709-48E2-BD3F-6FAAEC6AC689}.Debug|x64.Build.0 = Debug|x64
		{5191BFB4-0709-48E2-BD3F-6FAAEC6AC689}.Debug|x86.ActiveCfg = Debug|Win32
		{5191BFB4-0709-48E2-BD3F-6FAAEC6AC689}.Debug|x86.Build.0 = Debug|Win32
		{5191BFB4-0709-48E2-BD3F-6FAAEC6AC689}.Release|x64.ActiveCfg = Release|x64
		{5191BFB4-0709-48E2-BD3F-6FAAEC6AC689}.Release|x64.Build.0 = Release|x64
		{5191BFB4-0709-48E2-BD3F-6FAAEC6AC689}.Release|x86.ActiveCfg = Release|Win32
		{5191BFB4-0709-48E2-BD3F-6FAAEC6AC689}.Release|x86.Build.0 = Release|Win32
		{5E99DC5C-92F9-4835-9B16-5BA7CC3A84DC}.Debug|x64.ActiveCfg = Debug|x64
		{5E99DC5C-92F9-4835-9B16-5BA7CC3A84DC}.Debug|x64.Build.0 = Debug|x64
		{5E99DC5C-92F9-4835-9B16-5BA7CC3A84DC}.Debug|x86.ActiveCfg = Debug|Win32
		{5E99DC5C-92F9-4835-9B16-5BA7CC3A84DC}.Debug|x86.Build.0 = Debug|Win32
		{5E99DC5C-92F9-4835-9B16-5BA7CC3A84DC}.Release|x64.ActiveCfg = Release|x64
		{5E99DC5C-92F9-4835-9B16-5BA7CC3A84DC}.Release|x64.Build.0 = Release|x64
		{5E99DC5C-92F9-4835-9B16-5BA7CC3A84DC}.Release|x86.ActiveCfg = Release|Win32
		{5E99DC5C-92F9-4835-9B16-5BA7CC3A84DC}.Release|x86.Build.0 = Release|Win32
		{4C2F9920-3571-4B23-9F9A-80115C9042CB}.Debug|x64.ActiveCfg = Debug|x64
		{4C2F9920-3571-4B23-9F9A-80115C9042CB}.Debug|x64.Build.0 = Debug|x64
		{4C2F9920-3571-4B23-9F9A-80115C9042CB}.Debug|x86.ActiveCfg = Debug|Win32
		{4C2F9920-3571-4B23-9F9A-80115C9042CB}.Debug|x86.Build.0 = Debug|Win32
		{4C2F9920-3571-4B23-9F9A-80115C9042CB}.Release|x64.ActiveCfg = Release|x64
		{4C2F9920-3571-4B23-9F9A-80115C9042CB}.Release|x64.Build.0 = Release|x64
		{4C2F9920-3571-4B23-9F9A-80115C9042CB}.Release|x86.ActiveCfg = Release|Win32
		{4C2F9920-3571-4B23-9F9A-80115C9042CB}.Release|x86.Build.0 = Release|Win32
		{85EDD147-DDC8-47A0-8767-BB34C913850F}.Debug|x64.ActiveCfg = Debug|x64
		{85EDD147-DDC8-47A0-8767-BB34C913850F}.Debug|x64.Build.0 = Debug|x64
		{85EDD147-DDC8-47A0-8767-BB34C913850F}.Debug|x86.ActiveCfg = Debug|Win32
		{85EDD147-DDC8-47A0-8767-BB34C913850F}.Debug|x86.Build.0 = Debug|Win32
		{85EDD147-DDC8-47A0-8767-BB34C913850F}.Release|x64.ActiveCfg = Release|x64
		{85EDD147-DDC8-47A0-8767-BB34C913850F}.Release|x64.Build.0 = Release|x64
		{85EDD147-DDC8-47A0-8767-BB34C913850F}.Release|x86.ActiveCfg = Release|Win32
		{85EDD147-DDC8-47A0-8767-BB34C913850F}.Release|x86.Build.0 = Release|Win32
		{B4B341D5-4E8C-4695-B35F-3413805E1CC8}.Debug|x64.ActiveCfg = Debug|x64
		{B4B341D5-4E8C-4695-B35F-3413805E1CC8}.Debug|x64.Build.0 = Debug|x64
		{B4B341D5-4E8C-4695-B35F-3413805E1CC8}.Debug|x86.ActiveCfg = Debug|Win32
		{B4B341D5-4E8C-4695-B35F-3413805E1CC8}.Debug|x86.Build.0 = Debug|Win32
		{B4B341D5-4E8C-4695-B35F-3413805E1CC8}.Release|x64.ActiveCfg = Release|x64
		{B4B341D5-4E8C-4695-B35F-3413805E1CC8}.Release|x64.Build.0 = Release|x64
		{B4B341D5-4E8C-4695-B35F-3413805E1CC8}.Release|x86.ActiveCfg = Release|Win32
		{B4B341D5-4E8C-4695-B35F-3413805E1CC8}.Release|x86.Build.0 = Release|Win32
		{4F6D3909-7370-4A46-B60D-E65911D53975}.Debug|x64.ActiveCfg = Debug|x64
		{4F6D3909-7370-4A46-B60D-E65911D53975}.Debug|x64.Build.0 = Debug|x64
		{4F6D3909-7370-4A46-B60D-E65911D53975}.Debug|x86.ActiveCfg = Debug|Win32
		{4F6D3909-7370-4A46-B60D-E65911D53975}.Debug|x86.Build.0 = Debug|Win32
		{4F6D3909-7370-4A46-B60D-E65911D53975}.Release|x64.ActiveCfg = Release|x64
		{4F6D3909-7370-4A46-B60D-E65911D53975}.Release|x64.Build.0 = Release|x64
		{4F6D3909-7370-4A46-B60D-E65911D53975}.Release|x86.ActiveCfg = Release|Win32
		{4F6D3909-7370-4A46-B60D-E65911D53975}.Release|x86.Build.0 = Release|Win32
		{B895230F-41E8-4E57-B701-DEC8F8E89359}.Debug|x64.ActiveCfg = Debug|x64
		{B895230F-41E8-4E57-B701-DEC8F8E89359}.Debug|x64.Build.0 = Debug|x64
		{B895230F-41E8-4E57-B701-DEC8F8E89359}.Debug|x86.ActiveCfg = Debug|Win32
		{B895230F-41E8-4E57-B701-DEC8F8E89359}.Debug|x86.Build.0 = Debug|Win32
		{B895230F-41E8-4E57-B701-DEC8F8E89359}.Release|x64.ActiveCfg = Release|x64
		{B895230F-41E8-4E57-B701-DEC8F8E89359}.Release|x64.Build.0 = Release|x64
		{B895230F-41E8-4E57-B701-DEC8F8E89359}.Release|x86.ActiveCfg = Release|Win32
		{B895230F-41E8-4E57-B701-DEC8F8E89359}.Release|x86.Build.0 = Release|Win32
		{40918B66-71E6-4B8F-88A8-70716E97257C}.Debug|x64.ActiveCfg = Debug|x64
		{40918B66-71E6-4B8F-88A8-70716E97257C}.Debug|x64.Build.0 = Debug|x64
		{40918B66-71E6-4B8F-88A8-70716E97257C}.Debug|x86.ActiveCfg = Debug|Win32
		{40918B66-71E6-4B8F-88A8-70716E97257C}.Debug|x86.Build.0 = Debug|Win32
		{40918B66-71E6-4B8F-88A8-70716E97257C}.Release|x64.ActiveCfg = Release|x64
		{40918B66-71E6-4B8F-88A8-70716E97257C}.Release|x64.Build.0 = Release|x64
		{40918B66-71E6-4B8F-88A8-70716E97257C}.Release|x86.ActiveCfg = Release|Win32
		{40918B66-71E6-4B8F-88A8-70716E97257C}.Release|x86.Build.0 = Release|Win32
		{FC460836-3679-43A5-88EE-6DED061EAAAB}.Debug|x64.ActiveCfg = Debug|x64
		{FC460836-3679-43A5-88EE-6DED061EAAAB}.Debug|x64.Build.0 = Debug|x64
		{FC460836-3679-43A5-88EE-6DED061EAAAB}.Debug|x86.ActiveCfg = Debug|Win32
		{FC460836-3679-43A5-88EE-6DED061EAAAB}.Debug|x86.Build.0 = Debug|Win32
		{FC460836-3679-43A5-88EE-6DED061EAAAB}.Release|x64.ActiveCfg = Release|x64
		{FC460836-3679-43A5-88EE-6DED061EAAAB}.Release|x64.Build.0 = Release|x64
		{FC460836-3679-43A5-88EE-6DED061EAAAB}.Release|x86.ActiveCfg = Release|Win32
		{FC460836-3679-43A5-88EE-6DED061EAAAB}.Release|x86.Build.0 = Release|Win32
		{0C94888B-4A07-49D8-955C-5EBE870985B9}.Debug|x64.ActiveCfg = Debug|x64
		{0C94888B-4A07-49D8-955C-5EBE870985B9}.Debug|x64.Build.0 = Debug|x64
		{0C94888B-4A07-49D8-955C-5EBE870985B9}.Debug|x86.ActiveCfg = Debug|Win32
		{0C94888B-4A07-49D8-955C-5EBE870985B9}.Debug|x86.Build.0 = Debug|Win32
		{0C94888B-4A07-49D8-955C-5EBE870985B9}.Release|x64.ActiveCfg = Release|x64
		{0C94888B-4A07-49D8-955C-5EBE870985B9}.Release|x64.Build.0 = Release|x64
		{0C94888B-4A07-49D8-955C-5EBE870985B9}.Release|x86.ActiveCfg = Release|Win32
		{0C94888B-4A07-49D8-955C-5EBE870985B9}.Release|x86.Build.0 = Release|Win32
		{4673D0FE-7E65-4BF4-B640-9E5C58D2C4AA}.Debug|x64.ActiveCfg = Debug|x64
		{4673D0FE-7E65-4BF4-B640-9E5C58D2C4AA}.Debug|x64.Build.0 = Debug|x64
		{4673D0FE-7E65-4BF4-B640-9E5C58D2C4AA}.Debug|x86.ActiveCfg = Debug|Win32
		{4673D0FE-7E65-4BF4-B640-9E5C58D2C4AA}.Debug|x86.Build.0 = Debug|Win32
		{4673D0FE-7E65-4BF4-B640-9E5C58D2C4AA}.Release|x64.ActiveCfg = Release|x64
		{4673D0FE-7E65-4BF4-B640-9E5C58D2C4AA}.Release|x64.Build.0 = Release|x64
		{4673D0FE-7E65-4BF4-B640-9E5C58D2C4AA}.Release|x86.ActiveCfg = Release|Win32
		{4673D0FE-7E65-4BF4-B640-9E5C58D2C4AA}.Release|x86.Build.0 = Release|Win32
		{239F30B7-4752-4DD9-A5CE-6D1052320D50}.Debug|x64.ActiveCfg = Debug|x64
		{239F30B7-4752-4DD9-A5CE-6D1052320D50}.Debug|x64.Build.0 = Debug|x64
		{239F30B7-4752-4DD9-A5CE-6D1052320D50}.Debug|x86.ActiveCfg = Debug|Win32
		{239F30B7-4752-4DD9-A5CE-6D1052320D50}.Debug|x86.Build.0 = Debug|Win32
		{239F30B7-4752-4DD9-A5CE-6D1052320D50}.Release|x64.ActiveCfg = Release|x64
		{239F30B7-4752-4DD9-A5CE-6D1052320D50}.Release|x64.Build.0 = Release|x64
		{239F30B7-4752-4DD9-A5CE-6D1052320D50}.Release|x86.ActiveCfg = Release|Win32
		{239F30B7-4752-4DD9-A5CE-6D1052320D50}.Release|x86.Build.0 = Release|Win32
		{FD32640C-9733-4A6D-A5C3-F1F52A7605C2}.Debug|x64.ActiveCfg = Debug|x64
		{FD32640C-9733-4A6D-A5C3-F1F52A7605C2}.Debug|x64.Build.0 = Debug|x64
		{FD32640C-9733-4A6D-A5C3-F1F52A7605C2}.Debug|x86.ActiveCfg = Debug|Win32
		{FD32640C-9733-4A6D-A5C3-F1F52A7605C2}.Debug|x86.Build.0 = Debug|Win32
		{FD32640C-9733-4A6D-A5C3-F1F52A7605C2}.Release|x64.ActiveCfg = Release|x64
		{FD32640C-9733-4A6D-A5C3-F1F52A7605C2}.Release|x64.Build.0 = Release|x64
		{FD32640C-9733-4A6D-A5C3-F1F52A7605C2}.Release|x86.ActiveCfg = Release|Win32
		{FD32640C-9733-4A6D-A5C3-F1F52A7605C2}.Release|x86.Build.0 = Release|Win32
		{9A7015C9-5B0F-4658-981A-98556B511174}.Debug|x64.ActiveCfg = Debug|x64
		{9A7015C9-5B0F-4658-981A-98556B511174}.Debug|x64.Build.0 = Debug|x64
		{9A7015C9-5B0F-4658-981A-98556B511174}.Debug|x86.ActiveCfg = Debug|Win32
		{9A7015C9-5B0F-4658-981A-98556B511174}.Debug|x86.Build.0 = Debug|Win32
		{9A7015C9-5B0F-4658-981A-98556B511174}.Release|x64.ActiveCfg = Release|x64
		{9A7015C9-5B0F-4658-981A-98556B511174}.Release|x64.Build.0 = Release|x64
		{9A7015C9-5B0F-4658-981A-98556B511174}.Release|x86.ActiveCfg = Release|Win32
		{9A7015C9-5B0F-4658-981A-98556B511174}.Release|x86.Build.0 = Release|Win32
		{60025D38-71A7-4E0C-8491-5E55A792C5A4}.Debug|x64.ActiveCfg = Debug|x64
		{60025D38-71A7-4E0C-8491-5E55A792C5A4}.Debug|x64.Build.0 = Debug|x64
		{60025D38-71A7-4E0C-8491-5E55A792C5A4}.Debug|x86.ActiveCfg = Debug|Win32
		{60025D38-71A7-4E0C-8491-5E55A792C5A4}.Debug|x86.Build.0 = Debug|Win32
		{60025D38-71A7-4E0C-8491-5E55A792C5A4}.Release|x64.ActiveCfg = Release|x64
		{60025D38-71A7-4E0C-8491-5E55A792C5A4}.Release|x64.Build.0 = Release|x64
		{60025D38-71A7-4E0C-8491-5E55A792C5A4}.Release|x86.ActiveCfg = Release|Win32
		{60025D38-71A7-4E0C-8491-5E55A792C5A4}.Release|x86.Build.0 = Release|Win32
		{608A8E65-4853-43B1-A5EE-9A547DE685B1}.Debug|x64.ActiveCfg = Debug|x64
		{608A8E65-4853-43B1-A5EE-9A547DE685B1}.Debug|x64.Build.0 = Debug|x64
		{608A8E65-4853-43B1-A5EE-9A547DE685B1}.Debug|x86.ActiveCfg = Debug|Win32
		{608A8E65-4853-43B1-A5EE-9A547DE685B1}.Debug|x86.Build.0 = Debug|Win32
		{608A8E65-4853-43B1-A5EE-9A547DE685B1}.Release|x64.ActiveCfg = Release|x64
		{608A8E65-4853-43B1-A5EE-9A547DE685B1}.Release|x64.Build.0 = Release|x64
		{608A8E65-4853-43B1-A5EE-9A547DE685B1}.Release|x86.ActiveCfg = Release|Win32
		{608A8E65-4853-43B1-A5EE-9A547DE685B1}.Release|x86.Build.0 = Release|Win32
		{4DFCE9F9-3823-4AA6-934E-63219C640720}.Debug|x64.ActiveCfg = Debug|x64
		{4DFCE9F9-3823-4AA6-934E-63219C640720}.Debug|x64.Build.0 = Debug|x64
		{4DFCE9F9-3823-4AA6-934E-63219C640720}.Debug|x86.ActiveCfg = Debug|Win32
		{4DFCE9F9-3823-4AA6-934E-63219C640720}.Debug|x86.Build.0 = Debug|Win32
		{4DFCE9F9-3823-4AA6-934E-63219C640720}.Release|x64.ActiveCfg = Release|x64
		{4DFCE9F9-3823-4AA6-934E-63219C640720}.Release|x64.Build.0 = Release|x64
		{4DFCE9F9-3823-4AA6-934E-63219C640720}.Release|x86.ActiveCfg = Release|Win32
		{4DFCE9F9-3823-4AA6-934E-63219C640720}.Release|x86.Build.0 = Release|Win32
		{CD5F99F0-7BFB-4888-BC5D-8197D1E42977}.Debug|x64.ActiveCfg = Debug|x64
		{CD5F99F0-7BFB-4888-BC5D-8197D1E42977}.Debug|x64.Build.0 = Debug|x64
		{CD5F99F0-7BFB-4888-BC5D-8197D1E42977}.Debug|x86.ActiveCfg = Debug|Win32
		{CD5F99F0-7BFB-4888-BC5D-8197D1E42977}.Debug|x86.Build.0 = Debug|Win32
		{CD5F99F0-7BFB-4888-BC5D-8197D1E42977}.Release|x64.ActiveCfg = Release|x64
		{CD5F99F0-7BFB-4888-BC5D-8197D1E42977}.Release|x64.Build.0 = Release|x64
		{CD5F99F0-7BFB-4888-BC5D-8197D1E42977}.Release|x86.ActiveCfg = Release|Win32
		{CD5F99F0-7BFB-4888-BC5D-8197D1E42977}.Release|x86.Build.0 = Release|Win32
		{19A039C7-07B4-44ED-8002-4204F58F18C5}.Debug|x64.ActiveCfg = Debug|x64
		{19A039C7-07B4-44ED-8002-4204F58F18C5}.Debug|x64.Build.0 = Debug|x64
		{19A039C7-07B4-44ED-8002-4204F58F18C5}.Debug|x86.ActiveCfg = Debug|Win32
		{19A039C7-07B4-44ED-8002-4204F58F18C5}.Debug|x86.Build.0 = Debug|Win32
		{19A039C7-07B4-44ED-8002-4204F58F18C5}.Release|x64.ActiveCfg = Release|x64
		{19A039C7-07B4-44ED-8002-4204F58F18C5}.Release|x64.Build.0 = Release|x64
		{19A039C7-07B4-44ED-8002-4204F58F18C5}.Release|x86.ActiveCfg = Release|Win32
		{19A039C7-07B4-44ED-8002-4204F58F18C5}.Release|x86.Build.0 = Release|Win32
		{12B8AD16-1610-40AE-94C8-5F364F2FAE5C}.Debug|x64.ActiveCfg = Debug|x64
		{12B8AD16-1610-40AE-94C8-5F364F2FAE5C}.Debug|x64.Build.0 = Debug|x64
		{12B8AD16-1610-40AE-94C8-5F364F2FAE5C}.Debug|x86.ActiveCfg = Debug|Win32
		{12B8AD16-1610-40AE-94C8-5F364F2FAE5C}.Debug|x86.Build.0 = Debug|Win32
		{12B8AD16-1610-40AE-94C8-5F364F2FAE5C}.Release|x64.ActiveCfg = Release|x64
		{12B8AD16-1610-40AE-94C8-5F364F2FAE5C}.Release|x64.Build.0 = Release|x64
		{12B8AD16-1610-40AE-94C8-5F364F2FAE5C}.Release|x86.ActiveCfg = Release|Win32
		{12B8AD16-1610-40AE-94C8-5F364F2FAE5C}.Release|x86.Build.0 = Release|Win32
		{E2997B86-9145-4327-9099-FC22A07A71D7}.Debug|x64.ActiveCfg = Debug|x64
		{E2997B86-9145-4327-9099-FC22A07A71D7}.Debug|x64.Build.0 = Debug|x64
		{E2997B86-9145-4327-9099-FC22A07A71D7}.Debug|x86.ActiveCfg = Debug|Win32
		{E2997B86-9145-4327-9099-FC22A07A71D7}.Debug|x86.Build.0 = Debug|Win32
		{E2997B86-9145-4327-9099-FC22A07A71D7}.Release|x64.ActiveCfg = Release|x64
		{E2997B86-9145-4327-9099-FC22A07A71D7}.Release|x64.Build.0 = Release|x64
		{E2997B86-9145-4327-9099-FC22A07A71D7}.Release|x86.ActiveCfg = Release|Win32
		{E2997B86-9145-4327-9099-FC22A07A71D7}.Release|x86.Build.0 = Release|Win32
		{01094051-6F17-411E-A918-7DB6F927FE1C}.Debug|x64.ActiveCfg = Debug|x64
		{01094051-6F17-411E-A918-7DB6F927FE1C}.Debug|x64.Build.0 = Debug|x64
		{01094051-6F17-411E-A918-7DB6F927FE1C}.Debug|x86.ActiveCfg = Debug|Win32
		{01094051-6F17-411E-A918-7DB6F927FE1C}.Debug|x86.Build.0 = Debug|Win32
		{01094051-6F17-411E-A918-7DB6F927FE1C}.Release|x64.ActiveCfg = Release|x64
		{01094051-6F17-411E-A918-7DB6F927FE1C}.Release|x64.Build.0 = Release|x64
		{01094051-6F17-411E-A918-7DB6F927FE1C}.Release|x86.ActiveCfg = Release|Win32
		{01094051-6F17-411E-A918-7DB6F927FE1C}.Release|x86.Build.0 = Release|Win32
		{427F6AAF-1149-43EA-9E87-635BC8F0D5F7}.Debug|x64.ActiveCfg = Debug|x64
		{427F6AAF-1149-43EA-9E87-635BC8F0D5F7}.Debug|x64.Build.0 = Debug|x64
		{427F6AAF-1149-43EA-9E87-635BC8F0D5F7}.Debug|x86.ActiveCfg = Debug|Win32
		{427F6AAF-1149-43EA-9E87-635BC8F0D5F7}.Debug|x86.Build.0 = Debug|Win32
		{427F6AAF-1149-43EA-9E87-635BC8F0D5F7}.Release|x64.ActiveCfg = Release|x64
		{427F6AAF-1149-43EA-9E87-635BC8F0D5F7}.Release|x64.Build.0 = Release|x64
		{427F6AAF-1149-43EA-9E87-635BC8F0D5F7}.Release|x86.ActiveCfg = Release|Win32
		{427F6AAF-1149-43EA-9E87-635BC8F0D5F7}.Release|x86.Build.0 = Release|Win32
		{5CC4A4D3-26F7-4F25-9642-7C1D557FBA19}.Debug|x64.ActiveCfg = Debug|x64
		{5CC4A4D3-26F7-4F25-9642-7C1D557FBA19}.Debug|x64.Build.0 = Debug|x64
		{5CC4A4D3-26F7-4F25-9642-7C1D557FBA19}.Debug|x86.ActiveCfg = Debug|Win32
		{5CC4A4D3-26F7-4F25-9642-7C1D557FBA19}.Debug|x86.Build.0 = Debug|Win32
		{5CC4A4D3-26F7-4F25-9642-7C1D557FBA19}.Release|x64.ActiveCfg = Release|x64
		{5CC4A4D3-26F7-4F25-9642-7C1D557FBA19}.Release|x64.Build.0 = Release|x64
		{5CC4A4D3-26F7-4F25-9642-7C1D557FBA19}.Release|x86.ActiveCfg = Release|Win32
		{5CC4A4D3-26F7-4F25-9642-7C1D557FBA19}.Release|x86.Build.0 = Release|Win32
	EndGlobalSection
	GlobalSection(SolutionProperties) = preSolution
		HideSolutionNode = FALSE
	EndGlobalSection
	GlobalSection(ExtensibilityGlobals) = postSolution
		SolutionGuid = {B738E027-1D6E-405F-8018-E5088CDF4A9A}
	EndGlobalSection
EndGlobal
